<?xml version="1.0" encoding="utf-8"?>
<Project ToolsVersion="4.0" xmlns="http://schemas.microsoft.com/developer/msbuild/2003">
  <ItemGroup>
    <Filter Include="Исходные файлы">
      <UniqueIdentifier>{4FC737F1-C7A5-4376-A066-2A32D752A2FF}</UniqueIdentifier>
      <Extensions>cpp;c;cc;cxx;c++;cppm;ixx;def;odl;idl;hpj;bat;asm;asmx</Extensions>
    </Filter>
    <Filter Include="Файлы заголовков">
      <UniqueIdentifier>{93995380-89BD-4b04-88EB-625FBE52EBFB}</UniqueIdentifier>
      <Extensions>h;hh;hpp;hxx;h++;hm;inl;inc;ipp;xsd</Extensions>
    </Filter>
    <Filter Include="Файлы ресурсов">
      <UniqueIdentifier>{67DA6AB6-F800-4c08-8B7A-83BB121AAD01}</UniqueIdentifier>
      <Extensions>rc;ico;cur;bmp;dlg;rc2;rct;bin;rgs;gif;jpg;jpeg;jpe;resx;tiff;tif;png;wav;mfcribbon-ms</Extensions>
    </Filter>
    <Filter Include="Файлы заголовков\map_editor">
      <UniqueIdentifier>{0f372615-7d6b-4499-8e8b-5481d09b9dad}</UniqueIdentifier>
    </Filter>
    <Filter Include="Файлы заголовков\engine">
      <UniqueIdentifier>{6132c1a7-2fbd-469e-9410-08353e282fc5}</UniqueIdentifier>
    </Filter>
  </ItemGroup>
  <ItemGroup>
    <ClInclude Include="DataBase.h">
      <Filter>Файлы заголовков\map_editor</Filter>
    </ClInclude>
    <ClInclude Include="object.h">
      <Filter>Файлы заголовков\map_editor</Filter>
    </ClInclude>
    <ClInclude Include="SelectArea.h">
      <Filter>Файлы заголовков\map_editor</Filter>
    </ClInclude>
    <ClInclude Include="TextureTile.h">
      <Filter>Файлы заголовков\map_editor</Filter>
    </ClInclude>
    <ClInclude Include="LandscapeGenerator.h">
      <Filter>Файлы заголовков\engine</Filter>
    </ClInclude>
    <ClInclude Include="lib.h">
      <Filter>Файлы заголовков\map_editor</Filter>
    </ClInclude>
  </ItemGroup>
  <ItemGroup>
    <Text Include="tz.txt">
      <Filter>Файлы ресурсов</Filter>
    </Text>
  </ItemGroup>
  <ItemGroup>
    <ClCompile Include="root.cpp">
      <Filter>Файлы заголовков\map_editor</Filter>
    </ClCompile>
    <ClCompile Include="e_root.cpp">
      <Filter>Файлы заголовков\engine</Filter>
    </ClCompile>
  </ItemGroup>
</Project>